// !$*UTF8*$!
{
	archiveVersion = 1;
	classes = {
	};
	objectVersion = 55;
	objects = {

/* Begin PBXBuildFile section */
		4733317E281BF694008A4411 /* Reddit_CommentsApp.swift in Sources */ = {isa = PBXBuildFile; fileRef = 4733317D281BF694008A4411 /* Reddit_CommentsApp.swift */; };
		47333180281BF694008A4411 /* ContentView.swift in Sources */ = {isa = PBXBuildFile; fileRef = 4733317F281BF694008A4411 /* ContentView.swift */; };
		47333182281BF696008A4411 /* Assets.xcassets in Resources */ = {isa = PBXBuildFile; fileRef = 47333181281BF696008A4411 /* Assets.xcassets */; };
		47333185281BF696008A4411 /* Preview Assets.xcassets in Resources */ = {isa = PBXBuildFile; fileRef = 47333184281BF696008A4411 /* Preview Assets.xcassets */; };
		4733318C281BF6BB008A4411 /* CommentDetails.swift in Sources */ = {isa = PBXBuildFile; fileRef = 4733318B281BF6BB008A4411 /* CommentDetails.swift */; };
		4733318F281BF6DE008A4411 /* CommentsTable.swift in Sources */ = {isa = PBXBuildFile; fileRef = 4733318E281BF6DE008A4411 /* CommentsTable.swift */; };
		47333191281BF707008A4411 /* CommentData.swift in Sources */ = {isa = PBXBuildFile; fileRef = 47333190281BF707008A4411 /* CommentData.swift */; };
		47333193281BF779008A4411 /* CommentCell.swift in Sources */ = {isa = PBXBuildFile; fileRef = 47333192281BF779008A4411 /* CommentCell.swift */; };
		47333195281BF78F008A4411 /* ModelData.swift in Sources */ = {isa = PBXBuildFile; fileRef = 47333194281BF78F008A4411 /* ModelData.swift */; };
/* End PBXBuildFile section */

/* Begin PBXFileReference section */
		4733317A281BF694008A4411 /* Reddit_Comments.app */ = {isa = PBXFileReference; explicitFileType = wrapper.application; includeInIndex = 0; path = Reddit_Comments.app; sourceTree = BUILT_PRODUCTS_DIR; };
		4733317D281BF694008A4411 /* Reddit_CommentsApp.swift */ = {isa = PBXFileReference; lastKnownFileType = sourcecode.swift; path = Reddit_CommentsApp.swift; sourceTree = "<group>"; };
		4733317F281BF694008A4411 /* ContentView.swift */ = {isa = PBXFileReference; lastKnownFileType = sourcecode.swift; path = ContentView.swift; sourceTree = "<group>"; };
		47333181281BF696008A4411 /* Assets.xcassets */ = {isa = PBXFileReference; lastKnownFileType = folder.assetcatalog; path = Assets.xcassets; sourceTree = "<group>"; };
		47333184281BF696008A4411 /* Preview Assets.xcassets */ = {isa = PBXFileReference; lastKnownFileType = folder.assetcatalog; path = "Preview Assets.xcassets"; sourceTree = "<group>"; };
		4733318B281BF6BB008A4411 /* CommentDetails.swift */ = {isa = PBXFileReference; lastKnownFileType = sourcecode.swift; path = CommentDetails.swift; sourceTree = "<group>"; };
		4733318E281BF6DE008A4411 /* CommentsTable.swift */ = {isa = PBXFileReference; lastKnownFileType = sourcecode.swift; path = CommentsTable.swift; sourceTree = "<group>"; };
		47333190281BF707008A4411 /* CommentData.swift */ = {isa = PBXFileReference; lastKnownFileType = sourcecode.swift; path = CommentData.swift; sourceTree = "<group>"; };
		47333192281BF779008A4411 /* CommentCell.swift */ = {isa = PBXFileReference; lastKnownFileType = sourcecode.swift; path = CommentCell.swift; sourceTree = "<group>"; };
		47333194281BF78F008A4411 /* ModelData.swift */ = {isa = PBXFileReference; lastKnownFileType = sourcecode.swift; path = ModelData.swift; sourceTree = "<group>"; };
/* End PBXFileReference section */

/* Begin PBXFrameworksBuildPhase section */
		47333177281BF694008A4411 /* Frameworks */ = {
			isa = PBXFrameworksBuildPhase;
			buildActionMask = 2147483647;
			files = (
			);
			runOnlyForDeploymentPostprocessing = 0;
		};
/* End PBXFrameworksBuildPhase section */

/* Begin PBXGroup section */
		47333171281BF694008A4411 = {
			isa = PBXGroup;
			children = (
				4733317C281BF694008A4411 /* Reddit_Comments */,
				4733317B281BF694008A4411 /* Products */,
			);
			sourceTree = "<group>";
		};
		4733317B281BF694008A4411 /* Products */ = {
			isa = PBXGroup;
			children = (
				4733317A281BF694008A4411 /* Reddit_Comments.app */,
			);
			name = Products;
			sourceTree = "<group>";
		};
		4733317C281BF694008A4411 /* Reddit_Comments */ = {
			isa = PBXGroup;
			children = (
				47333196281BF7B2008A4411 /* Model */,
				4733318D281BF6C6008A4411 /* Comment */,
				4733317D281BF694008A4411 /* Reddit_CommentsApp.swift */,
				4733317F281BF694008A4411 /* ContentView.swift */,
				47333181281BF696008A4411 /* Assets.xcassets */,
				47333183281BF696008A4411 /* Preview Content */,
			);
			path = Reddit_Comments;
			sourceTree = "<group>";
		};
		47333183281BF696008A4411 /* Preview Content */ = {
			isa = PBXGroup;
			children = (
				47333184281BF696008A4411 /* Preview Assets.xcassets */,
			);
			path = "Preview Content";
			sourceTree = "<group>";
		};
		4733318D281BF6C6008A4411 /* Comment */ = {
			isa = PBXGroup;
			children = (
				4733318B281BF6BB008A4411 /* CommentDetails.swift */,
				4733318E281BF6DE008A4411 /* CommentsTable.swift */,
				47333192281BF779008A4411 /* CommentCell.swift */,
			);
			path = Comment;
			sourceTree = "<group>";
		};
		47333196281BF7B2008A4411 /* Model */ = {
			isa = PBXGroup;
			children = (
				47333194281BF78F008A4411 /* ModelData.swift */,
				47333190281BF707008A4411 /* CommentData.swift */,
			);
			path = Model;
			sourceTree = "<group>";
		};
/* End PBXGroup section */

/* Begin PBXNativeTarget section */
		47333179281BF694008A4411 /* Reddit_Comments */ = {
			isa = PBXNativeTarget;
			buildConfigurationList = 47333188281BF696008A4411 /* Build configuration list for PBXNativeTarget "Reddit_Comments" */;
			buildPhases = (
				47333176281BF694008A4411 /* Sources */,
				47333177281BF694008A4411 /* Frameworks */,
				47333178281BF694008A4411 /* Resources */,
			);
			buildRules = (
			);
			dependencies = (
			);
			name = Reddit_Comments;
			productName = Reddit_Comments;
			productReference = 4733317A281BF694008A4411 /* Reddit_Comments.app */;
			productType = "com.apple.product-type.application";
		};
/* End PBXNativeTarget section */

/* Begin PBXProject section */
		47333172281BF694008A4411 /* Project object */ = {
			isa = PBXProject;
			attributes = {
				BuildIndependentTargetsInParallel = 1;
				LastSwiftUpdateCheck = 1330;
				LastUpgradeCheck = 1330;
				TargetAttributes = {
					47333179281BF694008A4411 = {
						CreatedOnToolsVersion = 13.3.1;
					};
				};
			};
			buildConfigurationList = 47333175281BF694008A4411 /* Build configuration list for PBXProject "Reddit_Comments" */;
			compatibilityVersion = "Xcode 13.0";
			developmentRegion = en;
			hasScannedForEncodings = 0;
			knownRegions = (
				en,
				Base,
			);
			mainGroup = 47333171281BF694008A4411;
			productRefGroup = 4733317B281BF694008A4411 /* Products */;
			projectDirPath = "";
			projectRoot = "";
			targets = (
				47333179281BF694008A4411 /* Reddit_Comments */,
			);
		};
/* End PBXProject section */

/* Begin PBXResourcesBuildPhase section */
		47333178281BF694008A4411 /* Resources */ = {
			isa = PBXResourcesBuildPhase;
			buildActionMask = 2147483647;
			files = (
				47333185281BF696008A4411 /* Preview Assets.xcassets in Resources */,
				47333182281BF696008A4411 /* Assets.xcassets in Resources */,
			);
			runOnlyForDeploymentPostprocessing = 0;
		};
/* End PBXResourcesBuildPhase section */

/* Begin PBXSourcesBuildPhase section */
		47333176281BF694008A4411 /* Sources */ = {
			isa = PBXSourcesBuildPhase;
			buildActionMask = 2147483647;
			files = (
				4733318C281BF6BB008A4411 /* CommentDetails.swift in Sources */,
				47333191281BF707008A4411 /* CommentData.swift in Sources */,
				47333180281BF694008A4411 /* ContentView.swift in Sources */,
				4733317E281BF694008A4411 /* Reddit_CommentsApp.swift in Sources */,
				4733318F281BF6DE008A4411 /* CommentsTable.swift in Sources */,
				47333193281BF779008A4411 /* CommentCell.swift in Sources */,
				47333195281BF78F008A4411 /* ModelData.swift in Sources */,
			);
			runOnlyForDeploymentPostprocessing = 0;
		};
/* End PBXSourcesBuildPhase section */

/* Begin XCBuildConfiguration section */
		47333186281BF696008A4411 /* Debug */ = {
			isa = XCBuildConfiguration;
			buildSettings = {
				ALWAYS_SEARCH_USER_PATHS = NO;
				CLANG_ANALYZER_NONNULL = YES;
				CLANG_ANALYZER_NUMBER_OBJECT_CONVERSION = YES_AGGRESSIVE;
				CLANG_CXX_LANGUAGE_STANDARD = "gnu++17";
				CLANG_ENABLE_MODULES = YES;
				CLANG_ENABLE_OBJC_ARC = YES;
				CLANG_ENABLE_OBJC_WEAK = YES;
				CLANG_WARN_BLOCK_CAPTURE_AUTORELEASING = YES;
				CLANG_WARN_BOOL_CONVERSION = YES;
				CLANG_WARN_COMMA = YES;
				CLANG_WARN_CONSTANT_CONVERSION = YES;
				CLANG_WARN_DEPRECATED_OBJC_IMPLEMENTATIONS = YES;
				CLANG_WARN_DIRECT_OBJC_ISA_USAGE = YES_ERROR;
				CLANG_WARN_DOCUMENTATION_COMMENTS = YES;
				CLANG_WARN_EMPTY_BODY = YES;
				CLANG_WARN_ENUM_CONVERSION = YES;
				CLANG_WARN_INFINITE_RECURSION = YES;
				CLANG_WARN_INT_CONVERSION = YES;
				CLANG_WARN_NON_LITERAL_NULL_CONVERSION = YES;
				CLANG_WARN_OBJC_IMPLICIT_RETAIN_SELF = YES;
				CLANG_WARN_OBJC_LITERAL_CONVERSION = YES;
				CLANG_WARN_OBJC_ROOT_CLASS = YES_ERROR;
				CLANG_WARN_QUOTED_INCLUDE_IN_FRAMEWORK_HEADER = YES;
				CLANG_WARN_RANGE_LOOP_ANALYSIS = YES;
				CLANG_WARN_STRICT_PROTOTYPES = YES;
				CLANG_WARN_SUSPICIOUS_MOVE = YES;
				CLANG_WARN_UNGUARDED_AVAILABILITY = YES_AGGRESSIVE;
				CLANG_WARN_UNREACHABLE_CODE = YES;
				CLANG_WARN__DUPLICATE_METHOD_MATCH = YES;
				COPY_PHASE_STRIP = NO;
				DEBUG_INFORMATION_FORMAT = dwarf;
				ENABLE_STRICT_OBJC_MSGSEND = YES;
				ENABLE_TESTABILITY = YES;
				GCC_C_LANGUAGE_STANDARD = gnu11;
				GCC_DYNAMIC_NO_PIC = NO;
				GCC_NO_COMMON_BLOCKS = YES;
				GCC_OPTIMIZATION_LEVEL = 0;
				GCC_PREPROCESSOR_DEFINITIONS = (
					"DEBUG=1",
					"$(inherited)",
				);
				GCC_WARN_64_TO_32_BIT_CONVERSION = YES;
				GCC_WARN_ABOUT_RETURN_TYPE = YES_ERROR;
				GCC_WARN_UNDECLARED_SELECTOR = YES;
				GCC_WARN_UNINITIALIZED_AUTOS = YES_AGGRESSIVE;
				GCC_WARN_UNUSED_FUNCTION = YES;
				GCC_WARN_UNUSED_VARIABLE = YES;
				IPHONEOS_DEPLOYMENT_TARGET = 15.4;
				MTL_ENABLE_DEBUG_INFO = INCLUDE_SOURCE;
				MTL_FAST_MATH = YES;
				ONLY_ACTIVE_ARCH = YES;
				SDKROOT = iphoneos;
				SWIFT_ACTIVE_COMPILATION_CONDITIONS = DEBUG;
				SWIFT_OPTIMIZATION_LEVEL = "-Onone";
			};
			name = Debug;
		};
		47333187281BF696008A4411 /* Release */ = {
			isa = XCBuildConfiguration;
			buildSettings = {
				ALWAYS_SEARCH_USER_PATHS = NO;
				CLANG_ANALYZER_NONNULL = YES;
				CLANG_ANALYZER_NUMBER_OBJECT_CONVERSION = YES_AGGRESSIVE;
				CLANG_CXX_LANGUAGE_STANDARD = "gnu++17";
				CLANG_ENABLE_MODULES = YES;
				CLANG_ENABLE_OBJC_ARC = YES;
				CLANG_ENABLE_OBJC_WEAK = YES;
				CLANG_WARN_BLOCK_CAPTURE_AUTORELEASING = YES;
				CLANG_WARN_BOOL_CONVERSION = YES;
				CLANG_WARN_COMMA = YES;
				CLANG_WARN_CONSTANT_CONVERSION = YES;
				CLANG_WARN_DEPRECATED_OBJC_IMPLEMENTATIONS = YES;
				CLANG_WARN_DIRECT_OBJC_ISA_USAGE = YES_ERROR;
				CLANG_WARN_DOCUMENTATION_COMMENTS = YES;
				CLANG_WARN_EMPTY_BODY = YES;
				CLANG_WARN_ENUM_CONVERSION = YES;
				CLANG_WARN_INFINITE_RECURSION = YES;
				CLANG_WARN_INT_CONVERSION = YES;
				CLANG_WARN_NON_LITERAL_NULL_CONVERSION = YES;
				CLANG_WARN_OBJC_IMPLICIT_RETAIN_SELF = YES;
				CLANG_WARN_OBJC_LITERAL_CONVERSION = YES;
				CLANG_WARN_OBJC_ROOT_CLASS = YES_ERROR;
				CLANG_WARN_QUOTED_INCLUDE_IN_FRAMEWORK_HEADER = YES;
				CLANG_WARN_RANGE_LOOP_ANALYSIS = YES;
				CLANG_WARN_STRICT_PROTOTYPES = YES;
				CLANG_WARN_SUSPICIOUS_MOVE = YES;
				CLANG_WARN_UNGUARDED_AVAILABILITY = YES_AGGRESSIVE;
				CLANG_WARN_UNREACHABLE_CODE = YES;
				CLANG_WARN__DUPLICATE_METHOD_MATCH = YES;
				COPY_PHASE_STRIP = NO;
				DEBUG_INFORMATION_FORMAT = "dwarf-with-dsym";
				ENABLE_NS_ASSERTIONS = NO;
				ENABLE_STRICT_OBJC_MSGSEND = YES;
				GCC_C_LANGUAGE_STANDARD = gnu11;
				GCC_NO_COMMON_BLOCKS = YES;
				GCC_WARN_64_TO_32_BIT_CONVERSION = YES;
				GCC_WARN_ABOUT_RETURN_TYPE = YES_ERROR;
				GCC_WARN_UNDECLARED_SELECTOR = YES;
				GCC_WARN_UNINITIALIZED_AUTOS = YES_AGGRESSIVE;
				GCC_WARN_UNUSED_FUNCTION = YES;
				GCC_WARN_UNUSED_VARIABLE = YES;
				IPHONEOS_DEPLOYMENT_TARGET = 15.4;
				MTL_ENABLE_DEBUG_INFO = NO;
				MTL_FAST_MATH = YES;
				SDKROOT = iphoneos;
				SWIFT_COMPILATION_MODE = wholemodule;
				SWIFT_OPTIMIZATION_LEVEL = "-O";
				VALIDATE_PRODUCT = YES;
			};
			name = Release;
		};
		47333189281BF696008A4411 /* Debug */ = {
			isa = XCBuildConfiguration;
			buildSettings = {
				ASSETCATALOG_COMPILER_APPICON_NAME = AppIcon;
				ASSETCATALOG_COMPILER_GLOBAL_ACCENT_COLOR_NAME = AccentColor;
				CODE_SIGN_STYLE = Automatic;
				CURRENT_PROJECT_VERSION = 1;
				DEVELOPMENT_ASSET_PATHS = "\"Reddit_Comments/Preview Content\"";
				DEVELOPMENT_TEAM = VNU8KKW4GG;
				ENABLE_PREVIEWS = YES;
				GENERATE_INFOPLIST_FILE = YES;
				INFOPLIST_KEY_UIApplicationSceneManifest_Generation = YES;
				INFOPLIST_KEY_UIApplicationSupportsIndirectInputEvents = YES;
				INFOPLIST_KEY_UILaunchScreen_Generation = YES;
				INFOPLIST_KEY_UISupportedInterfaceOrientations_iPad = "UIInterfaceOrientationPortrait UIInterfaceOrientationPortraitUpsideDown UIInterfaceOrientationLandscapeLeft UIInterfaceOrientationLandscapeRight";
				INFOPLIST_KEY_UISupportedInterfaceOrientations_iPhone = "UIInterfaceOrientationPortrait UIInterfaceOrientationLandscapeLeft UIInterfaceOrientationLandscapeRight";
				LD_RUNPATH_SEARCH_PATHS = (
					"$(inherited)",
					"@executable_path/Frameworks",
				);
				MARKETING_VERSION = 1.0;
				PRODUCT_BUNDLE_IDENTIFIER = "com.ArkhypcukBohdan.Reddit-Comments";
				PRODUCT_NAME = "$(TARGET_NAME)";
				SWIFT_EMIT_LOC_STRINGS = YES;
				SWIFT_VERSION = 5.0;
				TARGETED_DEVICE_FAMILY = "1,2";
			};
			name = Debug;
		};
		4733318A281BF696008A4411 /* Release */ = {
			isa = XCBuildConfiguration;
			buildSettings = {
				ASSETCATALOG_COMPILER_APPICON_NAME = AppIcon;
				ASSETCATALOG_COMPILER_GLOBAL_ACCENT_COLOR_NAME = AccentColor;
				CODE_SIGN_STYLE = Automatic;
				CURRENT_PROJECT_VERSION = 1;
				DEVELOPMENT_ASSET_PATHS = "\"Reddit_Comments/Preview Content\"";
				DEVELOPMENT_TEAM = VNU8KKW4GG;
				ENABLE_PREVIEWS = YES;
				GENERATE_INFOPLIST_FILE = YES;
				INFOPLIST_KEY_UIApplicationSceneManifest_Generation = YES;
				INFOPLIST_KEY_UIApplicationSupportsIndirectInputEvents = YES;
				INFOPLIST_KEY_UILaunchScreen_Generation = YES;
				INFOPLIST_KEY_UISupportedInterfaceOrientations_iPad = "UIInterfaceOrientationPortrait UIInterfaceOrientationPortraitUpsideDown UIInterfaceOrientationLandscapeLeft UIInterfaceOrientationLandscapeRight";
				INFOPLIST_KEY_UISupportedInterfaceOrientations_iPhone = "UIInterfaceOrientationPortrait UIInterfaceOrientationLandscapeLeft UIInterfaceOrientationLandscapeRight";
				LD_RUNPATH_SEARCH_PATHS = (
					"$(inherited)",
					"@executable_path/Frameworks",
				);
				MARKETING_VERSION = 1.0;
				PRODUCT_BUNDLE_IDENTIFIER = "com.ArkhypcukBohdan.Reddit-Comments";
				PRODUCT_NAME = "$(TARGET_NAME)";
				SWIFT_EMIT_LOC_STRINGS = YES;
				SWIFT_VERSION = 5.0;
				TARGETED_DEVICE_FAMILY = "1,2";
			};
			name = Release;
		};
/* End XCBuildConfiguration section */

/* Begin XCConfigurationList section */
		47333175281BF694008A4411 /* Build configuration list for PBXProject "Reddit_Comments" */ = {
			isa = XCConfigurationList;
			buildConfigurations = (
				47333186281BF696008A4411 /* Debug */,
				47333187281BF696008A4411 /* Release */,
			);
			defaultConfigurationIsVisible = 0;
			defaultConfigurationName = Release;
		};
		47333188281BF696008A4411 /* Build configuration list for PBXNativeTarget "Reddit_Comments" */ = {
			isa = XCConfigurationList;
			buildConfigurations = (
				47333189281BF696008A4411 /* Debug */,
				4733318A281BF696008A4411 /* Release */,
			);
			defaultConfigurationIsVisible = 0;
			defaultConfigurationName = Release;
		};
/* End XCConfigurationList section */
	};
	rootObject = 47333172281BF694008A4411 /* Project object */;
}
